<?xml version="1.0" encoding="utf-8"?>
<Project ToolsVersion="4.0" xmlns="http://schemas.microsoft.com/developer/msbuild/2003">
  <ItemGroup>
    <Filter Include="Taku">
      <UniqueIdentifier>{3ACA8C7C-2601-8E0D-CFED-7310BB030A0F}</UniqueIdentifier>
    </Filter>
    <Filter Include="Taku\Events">
      <UniqueIdentifier>{DE7065AB-4A26-DEA0-D31A-D8773FCFD4A4}</UniqueIdentifier>
    </Filter>
  </ItemGroup>
  <ItemGroup>
    <ClInclude Include="src\Taku.h" />
    <ClInclude Include="src\Taku\Application.h">
      <Filter>Taku</Filter>
    </ClInclude>
    <ClInclude Include="src\Taku\Core.h">
      <Filter>Taku</Filter>
    </ClInclude>
    <ClInclude Include="src\Taku\EntryPoint.h">
      <Filter>Taku</Filter>
    </ClInclude>
    <ClInclude Include="src\Taku\Events\ApplicationEvent.h">
      <Filter>Taku\Events</Filter>
    </ClInclude>
    <ClInclude Include="src\Taku\Events\Event.h">
      <Filter>Taku\Events</Filter>
    </ClInclude>
    <ClInclude Include="src\Taku\Events\KeyEvent.h">
      <Filter>Taku\Events</Filter>
    </ClInclude>
    <ClInclude Include="src\Taku\Events\MouseEvent.h">
      <Filter>Taku\Events</Filter>
    </ClInclude>
    <ClInclude Include="src\Taku\Log.h">
      <Filter>Taku</Filter>
    </ClInclude>
  </ItemGroup>
  <ItemGroup>
    <ClCompile Include="src\Taku\Application.cpp">
      <Filter>Taku</Filter>
    </ClCompile>
    <ClCompile Include="src\Taku\Log.cpp">
      <Filter>Taku</Filter>
    </ClCompile>
  </ItemGroup>
</Project>