
Microsoft Visual Studio Solution File, Format Version 12.00
# Visual Studio Version 17
VisualStudioVersion = 17.4.33213.308
MinimumVisualStudioVersion = 10.0.40219.1
Project("{8BC9CEB8-8B4A-11D0-8D11-00A0C91BC942}") = "Sandbox", "Sandbox\Sandbox.vcxproj", "{F4C124E3-60A1-A37E-69B9-2E55D5170AE0}"
EndProject
Project("{8BC9CEB8-8B4A-11D0-8D11-00A0C91BC942}") = "Taku", "Taku\Taku.vcxproj", "{3ACA8C7C-2601-8E0D-CFED-7310BB030A0F}"
EndProject
Project("{2150E333-8FDC-42A3-9474-1A3956D46DE8}") = "a", "a", "{06268E73-D378-4823-9292-1B109FBC5C81}"
EndProject
Global
	GlobalSection(SolutionConfigurationPlatforms) = preSolution
		Debug|x64 = Debug|x64
		Dist|x64 = Dist|x64
		Release|x64 = Release|x64
	EndGlobalSection
	GlobalSection(ProjectConfigurationPlatforms) = postSolution
		{F4C124E3-60A1-A37E-69B9-2E55D5170AE0}.Debug|x64.ActiveCfg = Debug|x64
		{F4C124E3-60A1-A37E-69B9-2E55D5170AE0}.Debug|x64.Build.0 = Debug|x64
		{F4C124E3-60A1-A37E-69B9-2E55D5170AE0}.Dist|x64.ActiveCfg = Dist|x64
		{F4C124E3-60A1-A37E-69B9-2E55D5170AE0}.Dist|x64.Build.0 = Dist|x64
		{F4C124E3-60A1-A37E-69B9-2E55D5170AE0}.Release|x64.ActiveCfg = Release|x64
		{F4C124E3-60A1-A37E-69B9-2E55D5170AE0}.Release|x64.Build.0 = Release|x64
		{3ACA8C7C-2601-8E0D-CFED-7310BB030A0F}.Debug|x64.ActiveCfg = Debug|x64
		{3ACA8C7C-2601-8E0D-CFED-7310BB030A0F}.Debug|x64.Build.0 = Debug|x64
		{3ACA8C7C-2601-8E0D-CFED-7310BB030A0F}.Dist|x64.ActiveCfg = Dist|x64
		{3ACA8C7C-2601-8E0D-CFED-7310BB030A0F}.Dist|x64.Build.0 = Dist|x64
		{3ACA8C7C-2601-8E0D-CFED-7310BB030A0F}.Release|x64.ActiveCfg = Release|x64
		{3ACA8C7C-2601-8E0D-CFED-7310BB030A0F}.Release|x64.Build.0 = Release|x64
	EndGlobalSection
	GlobalSection(SolutionProperties) = preSolution
		HideSolutionNode = FALSE
	EndGlobalSection
	GlobalSection(NestedProjects) = preSolution
		{3ACA8C7C-2601-8E0D-CFED-7310BB030A0F} = {06268E73-D378-4823-9292-1B109FBC5C81}
	EndGlobalSection
	GlobalSection(ExtensibilityGlobals) = postSolution
		SolutionGuid = {6F532152-AC36-411C-822D-1F20B4351C4A}
	EndGlobalSection
EndGlobal
